
Microsoft Visual Studio Solution File, Format Version 12.00
# Visual Studio Version 16
VisualStudioVersion = 16.0.30717.126
MinimumVisualStudioVersion = 10.0.40219.1
Project("{9A19103F-16F7-4668-BE54-9A1E7A4F7556}") = "EventBusSender", "EventBus\EventBusSender.csproj", "{A9F3DE42-0EDF-4914-98F7-1F7046081DAB}"
EndProject
Project("{9A19103F-16F7-4668-BE54-9A1E7A4F7556}") = "EventBus.Abstractions", "EventBus.Abstractions\EventBus.Abstractions.csproj", "{F92E10B8-5BEA-4A74-886E-BD05A1B585D8}"
EndProject
Project("{9A19103F-16F7-4668-BE54-9A1E7A4F7556}") = "EventBus.RabbitMq", "EventBus.RabbitMq\EventBus.RabbitMq.csproj", "{ACED2216-85A1-4A1A-9DF4-D4E892D98DB5}"
EndProject
Project("{FAE04EC0-301F-11D3-BF4B-00C04F79EFBC}") = "EventBusAPI.Infrastructure", "EventBusAPI.Infrastructure\EventBusAPI.Infrastructure.csproj", "{3E94F1AF-87F1-4C9C-98E7-C222BE6A247D}"
EndProject
Project("{FAE04EC0-301F-11D3-BF4B-00C04F79EFBC}") = "EventBusReceiver", "EventBusReceiver\EventBusReceiver.csproj", "{28298D2C-F371-449F-9D4B-79399400C4C1}"
EndProject
Global
	GlobalSection(SolutionConfigurationPlatforms) = preSolution
		Debug|Any CPU = Debug|Any CPU
		Release|Any CPU = Release|Any CPU
	EndGlobalSection
	GlobalSection(ProjectConfigurationPlatforms) = postSolution
		{A9F3DE42-0EDF-4914-98F7-1F7046081DAB}.Debug|Any CPU.ActiveCfg = Debug|Any CPU
		{A9F3DE42-0EDF-4914-98F7-1F7046081DAB}.Debug|Any CPU.Build.0 = Debug|Any CPU
		{A9F3DE42-0EDF-4914-98F7-1F7046081DAB}.Release|Any CPU.ActiveCfg = Release|Any CPU
		{A9F3DE42-0EDF-4914-98F7-1F7046081DAB}.Release|Any CPU.Build.0 = Release|Any CPU
		{F92E10B8-5BEA-4A74-886E-BD05A1B585D8}.Debug|Any CPU.ActiveCfg = Debug|Any CPU
		{F92E10B8-5BEA-4A74-886E-BD05A1B585D8}.Debug|Any CPU.Build.0 = Debug|Any CPU
		{F92E10B8-5BEA-4A74-886E-BD05A1B585D8}.Release|Any CPU.ActiveCfg = Release|Any CPU
		{F92E10B8-5BEA-4A74-886E-BD05A1B585D8}.Release|Any CPU.Build.0 = Release|Any CPU
		{ACED2216-85A1-4A1A-9DF4-D4E892D98DB5}.Debug|Any CPU.ActiveCfg = Debug|Any CPU
		{ACED2216-85A1-4A1A-9DF4-D4E892D98DB5}.Debug|Any CPU.Build.0 = Debug|Any CPU
		{ACED2216-85A1-4A1A-9DF4-D4E892D98DB5}.Release|Any CPU.ActiveCfg = Release|Any CPU
		{ACED2216-85A1-4A1A-9DF4-D4E892D98DB5}.Release|Any CPU.Build.0 = Release|Any CPU
		{3E94F1AF-87F1-4C9C-98E7-C222BE6A247D}.Debug|Any CPU.ActiveCfg = Debug|Any CPU
		{3E94F1AF-87F1-4C9C-98E7-C222BE6A247D}.Debug|Any CPU.Build.0 = Debug|Any CPU
		{3E94F1AF-87F1-4C9C-98E7-C222BE6A247D}.Release|Any CPU.ActiveCfg = Release|Any CPU
		{3E94F1AF-87F1-4C9C-98E7-C222BE6A247D}.Release|Any CPU.Build.0 = Release|Any CPU
		{28298D2C-F371-449F-9D4B-79399400C4C1}.Debug|Any CPU.ActiveCfg = Debug|Any CPU
		{28298D2C-F371-449F-9D4B-79399400C4C1}.Debug|Any CPU.Build.0 = Debug|Any CPU
		{28298D2C-F371-449F-9D4B-79399400C4C1}.Release|Any CPU.ActiveCfg = Release|Any CPU
		{28298D2C-F371-449F-9D4B-79399400C4C1}.Release|Any CPU.Build.0 = Release|Any CPU
	EndGlobalSection
	GlobalSection(SolutionProperties) = preSolution
		HideSolutionNode = FALSE
	EndGlobalSection
	GlobalSection(ExtensibilityGlobals) = postSolution
		SolutionGuid = {9CB79102-A044-4A1A-A194-8C57910B378F}
	EndGlobalSection
EndGlobal
